
Microsoft Visual Studio Solution File, Format Version 12.00
# Visual Studio Version 17
VisualStudioVersion = 17.0.32014.148
MinimumVisualStudioVersion = 10.0.40219.1
Project("{9A19103F-16F7-4668-BE54-9A1E7A4F7556}") = "TelephoneDirectory", "TelephoneDirectory\TelephoneDirectory.csproj", "{14504294-EE52-4246-A99B-4835CB3B9D31}"
EndProject
Project("{9A19103F-16F7-4668-BE54-9A1E7A4F7556}") = "TelephoneDirectory.Data", "TelephoneDirectory.Data\TelephoneDirectory.Data.csproj", "{46BC9FFF-813C-478C-A3E3-A0AC29EDC138}"
EndProject
Project("{2150E333-8FDC-42A3-9474-1A3956D46DE8}") = "Report", "Report", "{B16BA452-46EB-4C34-AE4C-74301C2B476F}"
EndProject
Project("{2150E333-8FDC-42A3-9474-1A3956D46DE8}") = "User", "User", "{089C2912-05F1-41A3-B496-4AD34735FE5C}"
EndProject
Project("{9A19103F-16F7-4668-BE54-9A1E7A4F7556}") = "ReportService", "ReportService\ReportService.csproj", "{38D5009F-8DF6-45D9-AE58-EE2B2B5E45F7}"
EndProject
Project("{9A19103F-16F7-4668-BE54-9A1E7A4F7556}") = "ReportService.Data", "ReportSrvice.Data\ReportService.Data.csproj", "{7009609D-13B4-4CE5-913A-0086698BDEBE}"
EndProject
Project("{9A19103F-16F7-4668-BE54-9A1E7A4F7556}") = "ReportService.Messaging", "ReportService.API.Messaging\ReportService.Messaging.csproj", "{504288A2-E6BB-4C41-B4FB-F981A65979CB}"
EndProject
Project("{9A19103F-16F7-4668-BE54-9A1E7A4F7556}") = "ReportService.Services", "ReportService.Services\ReportService.Services.csproj", "{98A6746C-957B-49F4-B2C8-AAB9D293429C}"
EndProject
Project("{2150E333-8FDC-42A3-9474-1A3956D46DE8}") = "Test", "Test", "{D4E404E3-A789-4A14-954A-381FDBE6F6F9}"
EndProject
Project("{FAE04EC0-301F-11D3-BF4B-00C04F79EFBC}") = "ReportService.Test", "ReportService.Test\ReportService.Test.csproj", "{E1E53508-1A5E-4837-8115-2CE58A3DBFE0}"
EndProject
Global
	GlobalSection(SolutionConfigurationPlatforms) = preSolution
		Debug|Any CPU = Debug|Any CPU
		Release|Any CPU = Release|Any CPU
	EndGlobalSection
	GlobalSection(ProjectConfigurationPlatforms) = postSolution
		{14504294-EE52-4246-A99B-4835CB3B9D31}.Debug|Any CPU.ActiveCfg = Debug|Any CPU
		{14504294-EE52-4246-A99B-4835CB3B9D31}.Debug|Any CPU.Build.0 = Debug|Any CPU
		{14504294-EE52-4246-A99B-4835CB3B9D31}.Release|Any CPU.ActiveCfg = Release|Any CPU
		{14504294-EE52-4246-A99B-4835CB3B9D31}.Release|Any CPU.Build.0 = Release|Any CPU
		{46BC9FFF-813C-478C-A3E3-A0AC29EDC138}.Debug|Any CPU.ActiveCfg = Debug|Any CPU
		{46BC9FFF-813C-478C-A3E3-A0AC29EDC138}.Debug|Any CPU.Build.0 = Debug|Any CPU
		{46BC9FFF-813C-478C-A3E3-A0AC29EDC138}.Release|Any CPU.ActiveCfg = Release|Any CPU
		{46BC9FFF-813C-478C-A3E3-A0AC29EDC138}.Release|Any CPU.Build.0 = Release|Any CPU
		{38D5009F-8DF6-45D9-AE58-EE2B2B5E45F7}.Debug|Any CPU.ActiveCfg = Debug|Any CPU
		{38D5009F-8DF6-45D9-AE58-EE2B2B5E45F7}.Debug|Any CPU.Build.0 = Debug|Any CPU
		{38D5009F-8DF6-45D9-AE58-EE2B2B5E45F7}.Release|Any CPU.ActiveCfg = Release|Any CPU
		{38D5009F-8DF6-45D9-AE58-EE2B2B5E45F7}.Release|Any CPU.Build.0 = Release|Any CPU
		{7009609D-13B4-4CE5-913A-0086698BDEBE}.Debug|Any CPU.ActiveCfg = Debug|Any CPU
		{7009609D-13B4-4CE5-913A-0086698BDEBE}.Debug|Any CPU.Build.0 = Debug|Any CPU
		{7009609D-13B4-4CE5-913A-0086698BDEBE}.Release|Any CPU.ActiveCfg = Release|Any CPU
		{7009609D-13B4-4CE5-913A-0086698BDEBE}.Release|Any CPU.Build.0 = Release|Any CPU
		{504288A2-E6BB-4C41-B4FB-F981A65979CB}.Debug|Any CPU.ActiveCfg = Debug|Any CPU
		{504288A2-E6BB-4C41-B4FB-F981A65979CB}.Debug|Any CPU.Build.0 = Debug|Any CPU
		{504288A2-E6BB-4C41-B4FB-F981A65979CB}.Release|Any CPU.ActiveCfg = Release|Any CPU
		{504288A2-E6BB-4C41-B4FB-F981A65979CB}.Release|Any CPU.Build.0 = Release|Any CPU
		{98A6746C-957B-49F4-B2C8-AAB9D293429C}.Debug|Any CPU.ActiveCfg = Debug|Any CPU
		{98A6746C-957B-49F4-B2C8-AAB9D293429C}.Debug|Any CPU.Build.0 = Debug|Any CPU
		{98A6746C-957B-49F4-B2C8-AAB9D293429C}.Release|Any CPU.ActiveCfg = Release|Any CPU
		{98A6746C-957B-49F4-B2C8-AAB9D293429C}.Release|Any CPU.Build.0 = Release|Any CPU
		{E1E53508-1A5E-4837-8115-2CE58A3DBFE0}.Debug|Any CPU.ActiveCfg = Debug|Any CPU
		{E1E53508-1A5E-4837-8115-2CE58A3DBFE0}.Debug|Any CPU.Build.0 = Debug|Any CPU
		{E1E53508-1A5E-4837-8115-2CE58A3DBFE0}.Release|Any CPU.ActiveCfg = Release|Any CPU
		{E1E53508-1A5E-4837-8115-2CE58A3DBFE0}.Release|Any CPU.Build.0 = Release|Any CPU
	EndGlobalSection
	GlobalSection(SolutionProperties) = preSolution
		HideSolutionNode = FALSE
	EndGlobalSection
	GlobalSection(NestedProjects) = preSolution
		{14504294-EE52-4246-A99B-4835CB3B9D31} = {089C2912-05F1-41A3-B496-4AD34735FE5C}
		{46BC9FFF-813C-478C-A3E3-A0AC29EDC138} = {089C2912-05F1-41A3-B496-4AD34735FE5C}
		{38D5009F-8DF6-45D9-AE58-EE2B2B5E45F7} = {B16BA452-46EB-4C34-AE4C-74301C2B476F}
		{7009609D-13B4-4CE5-913A-0086698BDEBE} = {B16BA452-46EB-4C34-AE4C-74301C2B476F}
		{504288A2-E6BB-4C41-B4FB-F981A65979CB} = {B16BA452-46EB-4C34-AE4C-74301C2B476F}
		{98A6746C-957B-49F4-B2C8-AAB9D293429C} = {B16BA452-46EB-4C34-AE4C-74301C2B476F}
		{D4E404E3-A789-4A14-954A-381FDBE6F6F9} = {B16BA452-46EB-4C34-AE4C-74301C2B476F}
		{E1E53508-1A5E-4837-8115-2CE58A3DBFE0} = {D4E404E3-A789-4A14-954A-381FDBE6F6F9}
	EndGlobalSection
	GlobalSection(ExtensibilityGlobals) = postSolution
		SolutionGuid = {98610D32-5EB1-4956-9C6D-CEBB5E751947}
	EndGlobalSection
EndGlobal
